
Microsoft Visual Studio Solution File, Format Version 12.00
# Visual Studio Version 17
VisualStudioVersion = 17.9.34728.123
MinimumVisualStudioVersion = 10.0.40219.1
Project("{2150E333-8FDC-42A3-9474-1A3956D46DE8}") = "Solution Items", "Solution Items", "{560513F2-113C-47EA-B0EA-647E59155193}"
EndProject
Project("{9A19103F-16F7-4668-BE54-9A1E7A4F7556}") = "GW_1", "GW_1.csproj", "{DEE3DFE9-4CEB-4AB1-9997-19DD0A8053BE}"
EndProject
Global
	GlobalSection(SolutionConfigurationPlatforms) = preSolution
		Debug|Any CPU = Debug|Any CPU
		Release|Any CPU = Release|Any CPU
	EndGlobalSection
	GlobalSection(ProjectConfigurationPlatforms) = postSolution
		{DEE3DFE9-4CEB-4AB1-9997-19DD0A8053BE}.Debug|Any CPU.ActiveCfg = Debug|Any CPU
		{DEE3DFE9-4CEB-4AB1-9997-19DD0A8053BE}.Debug|Any CPU.Build.0 = Debug|Any CPU
		{DEE3DFE9-4CEB-4AB1-9997-19DD0A8053BE}.Release|Any CPU.ActiveCfg = Release|Any CPU
		{DEE3DFE9-4CEB-4AB1-9997-19DD0A8053BE}.Release|Any CPU.Build.0 = Release|Any CPU
	EndGlobalSection
	GlobalSection(SolutionProperties) = preSolution
		HideSolutionNode = FALSE
	EndGlobalSection
	GlobalSection(ExtensibilityGlobals) = postSolution
		SolutionGuid = {296135F2-9F24-406B-B4B5-D40A069122AA}
	EndGlobalSection
EndGlobal
